# THIS IS AN AUTOGENERATED FILE. DO NOT EDIT THIS FILE DIRECTLY.
# yarn lockfile v1


"@bufbuild/protobuf@^2.0.0":
  version "2.1.0"
  resolved "https://registry.npmjs.org/@bufbuild/protobuf/-/protobuf-2.1.0.tgz"
  integrity sha512-+2Mx67Y3skJ4NCD/qNSdBJNWtu6x6Qr53jeNg+QcwiL6mt0wK+3jwHH2x1p7xaYH6Ve2JKOVn0OxU35WsmqI9A==

"@esbuild/aix-ppc64@0.21.5":
  version "0.21.5"
  resolved "https://registry.yarnpkg.com/@esbuild/aix-ppc64/-/aix-ppc64-0.21.5.tgz#c7184a326533fcdf1b8ee0733e21c713b975575f"
  integrity sha512-1SDgH6ZSPTlggy1yI6+Dbkiz8xzpHJEVAlF/AM1tHPLsf5STom9rwtjE4hKAF20FfXXNTFqEYXyJNWh1GiZedQ==

"@esbuild/android-arm64@0.21.5":
  version "0.21.5"
  resolved "https://registry.yarnpkg.com/@esbuild/android-arm64/-/android-arm64-0.21.5.tgz#09d9b4357780da9ea3a7dfb833a1f1ff439b4052"
  integrity sha512-c0uX9VAUBQ7dTDCjq+wdyGLowMdtR/GoC2U5IYk/7D1H1JYC0qseD7+11iMP2mRLN9RcCMRcjC4YMclCzGwS/A==

"@esbuild/android-arm@0.21.5":
  version "0.21.5"
  resolved "https://registry.yarnpkg.com/@esbuild/android-arm/-/android-arm-0.21.5.tgz#9b04384fb771926dfa6d7ad04324ecb2ab9b2e28"
  integrity sha512-vCPvzSjpPHEi1siZdlvAlsPxXl7WbOVUBBAowWug4rJHb68Ox8KualB+1ocNvT5fjv6wpkX6o/iEpbDrf68zcg==

"@esbuild/android-x64@0.21.5":
  version "0.21.5"
  resolved "https://registry.yarnpkg.com/@esbuild/android-x64/-/android-x64-0.21.5.tgz#29918ec2db754cedcb6c1b04de8cd6547af6461e"
  integrity sha512-D7aPRUUNHRBwHxzxRvp856rjUHRFW1SdQATKXH2hqA0kAZb1hKmi02OpYRacl0TxIGz/ZmXWlbZgjwWYaCakTA==

"@esbuild/darwin-arm64@0.21.5":
  version "0.21.5"
  resolved "https://registry.npmjs.org/@esbuild/darwin-arm64/-/darwin-arm64-0.21.5.tgz"
  integrity sha512-DwqXqZyuk5AiWWf3UfLiRDJ5EDd49zg6O9wclZ7kUMv2WRFr4HKjXp/5t8JZ11QbQfUS6/cRCKGwYhtNAY88kQ==

"@esbuild/darwin-x64@0.21.5":
  version "0.21.5"
  resolved "https://registry.yarnpkg.com/@esbuild/darwin-x64/-/darwin-x64-0.21.5.tgz#c13838fa57372839abdddc91d71542ceea2e1e22"
  integrity sha512-se/JjF8NlmKVG4kNIuyWMV/22ZaerB+qaSi5MdrXtd6R08kvs2qCN4C09miupktDitvh8jRFflwGFBQcxZRjbw==

"@esbuild/freebsd-arm64@0.21.5":
  version "0.21.5"
  resolved "https://registry.yarnpkg.com/@esbuild/freebsd-arm64/-/freebsd-arm64-0.21.5.tgz#646b989aa20bf89fd071dd5dbfad69a3542e550e"
  integrity sha512-5JcRxxRDUJLX8JXp/wcBCy3pENnCgBR9bN6JsY4OmhfUtIHe3ZW0mawA7+RDAcMLrMIZaf03NlQiX9DGyB8h4g==

"@esbuild/freebsd-x64@0.21.5":
  version "0.21.5"
  resolved "https://registry.yarnpkg.com/@esbuild/freebsd-x64/-/freebsd-x64-0.21.5.tgz#aa615cfc80af954d3458906e38ca22c18cf5c261"
  integrity sha512-J95kNBj1zkbMXtHVH29bBriQygMXqoVQOQYA+ISs0/2l3T9/kj42ow2mpqerRBxDJnmkUDCaQT/dfNXWX/ZZCQ==

"@esbuild/linux-arm64@0.21.5":
  version "0.21.5"
  resolved "https://registry.yarnpkg.com/@esbuild/linux-arm64/-/linux-arm64-0.21.5.tgz#70ac6fa14f5cb7e1f7f887bcffb680ad09922b5b"
  integrity sha512-ibKvmyYzKsBeX8d8I7MH/TMfWDXBF3db4qM6sy+7re0YXya+K1cem3on9XgdT2EQGMu4hQyZhan7TeQ8XkGp4Q==

"@esbuild/linux-arm@0.21.5":
  version "0.21.5"
  resolved "https://registry.yarnpkg.com/@esbuild/linux-arm/-/linux-arm-0.21.5.tgz#fc6fd11a8aca56c1f6f3894f2bea0479f8f626b9"
  integrity sha512-bPb5AHZtbeNGjCKVZ9UGqGwo8EUu4cLq68E95A53KlxAPRmUyYv2D6F0uUI65XisGOL1hBP5mTronbgo+0bFcA==

"@esbuild/linux-ia32@0.21.5":
  version "0.21.5"
  resolved "https://registry.yarnpkg.com/@esbuild/linux-ia32/-/linux-ia32-0.21.5.tgz#3271f53b3f93e3d093d518d1649d6d68d346ede2"
  integrity sha512-YvjXDqLRqPDl2dvRODYmmhz4rPeVKYvppfGYKSNGdyZkA01046pLWyRKKI3ax8fbJoK5QbxblURkwK/MWY18Tg==

"@esbuild/linux-loong64@0.21.5":
  version "0.21.5"
  resolved "https://registry.yarnpkg.com/@esbuild/linux-loong64/-/linux-loong64-0.21.5.tgz#ed62e04238c57026aea831c5a130b73c0f9f26df"
  integrity sha512-uHf1BmMG8qEvzdrzAqg2SIG/02+4/DHB6a9Kbya0XDvwDEKCoC8ZRWI5JJvNdUjtciBGFQ5PuBlpEOXQj+JQSg==

"@esbuild/linux-mips64el@0.21.5":
  version "0.21.5"
  resolved "https://registry.yarnpkg.com/@esbuild/linux-mips64el/-/linux-mips64el-0.21.5.tgz#e79b8eb48bf3b106fadec1ac8240fb97b4e64cbe"
  integrity sha512-IajOmO+KJK23bj52dFSNCMsz1QP1DqM6cwLUv3W1QwyxkyIWecfafnI555fvSGqEKwjMXVLokcV5ygHW5b3Jbg==

"@esbuild/linux-ppc64@0.21.5":
  version "0.21.5"
  resolved "https://registry.yarnpkg.com/@esbuild/linux-ppc64/-/linux-ppc64-0.21.5.tgz#5f2203860a143b9919d383ef7573521fb154c3e4"
  integrity sha512-1hHV/Z4OEfMwpLO8rp7CvlhBDnjsC3CttJXIhBi+5Aj5r+MBvy4egg7wCbe//hSsT+RvDAG7s81tAvpL2XAE4w==

"@esbuild/linux-riscv64@0.21.5":
  version "0.21.5"
  resolved "https://registry.yarnpkg.com/@esbuild/linux-riscv64/-/linux-riscv64-0.21.5.tgz#07bcafd99322d5af62f618cb9e6a9b7f4bb825dc"
  integrity sha512-2HdXDMd9GMgTGrPWnJzP2ALSokE/0O5HhTUvWIbD3YdjME8JwvSCnNGBnTThKGEB91OZhzrJ4qIIxk/SBmyDDA==

"@esbuild/linux-s390x@0.21.5":
  version "0.21.5"
  resolved "https://registry.yarnpkg.com/@esbuild/linux-s390x/-/linux-s390x-0.21.5.tgz#b7ccf686751d6a3e44b8627ababc8be3ef62d8de"
  integrity sha512-zus5sxzqBJD3eXxwvjN1yQkRepANgxE9lgOW2qLnmr8ikMTphkjgXu1HR01K4FJg8h1kEEDAqDcZQtbrRnB41A==

"@esbuild/linux-x64@0.21.5":
  version "0.21.5"
  resolved "https://registry.yarnpkg.com/@esbuild/linux-x64/-/linux-x64-0.21.5.tgz#6d8f0c768e070e64309af8004bb94e68ab2bb3b0"
  integrity sha512-1rYdTpyv03iycF1+BhzrzQJCdOuAOtaqHTWJZCWvijKD2N5Xu0TtVC8/+1faWqcP9iBCWOmjmhoH94dH82BxPQ==

"@esbuild/netbsd-x64@0.21.5":
  version "0.21.5"
  resolved "https://registry.yarnpkg.com/@esbuild/netbsd-x64/-/netbsd-x64-0.21.5.tgz#bbe430f60d378ecb88decb219c602667387a6047"
  integrity sha512-Woi2MXzXjMULccIwMnLciyZH4nCIMpWQAs049KEeMvOcNADVxo0UBIQPfSmxB3CWKedngg7sWZdLvLczpe0tLg==

"@esbuild/openbsd-x64@0.21.5":
  version "0.21.5"
  resolved "https://registry.yarnpkg.com/@esbuild/openbsd-x64/-/openbsd-x64-0.21.5.tgz#99d1cf2937279560d2104821f5ccce220cb2af70"
  integrity sha512-HLNNw99xsvx12lFBUwoT8EVCsSvRNDVxNpjZ7bPn947b8gJPzeHWyNVhFsaerc0n3TsbOINvRP2byTZ5LKezow==

"@esbuild/sunos-x64@0.21.5":
  version "0.21.5"
  resolved "https://registry.yarnpkg.com/@esbuild/sunos-x64/-/sunos-x64-0.21.5.tgz#08741512c10d529566baba837b4fe052c8f3487b"
  integrity sha512-6+gjmFpfy0BHU5Tpptkuh8+uw3mnrvgs+dSPQXQOv3ekbordwnzTVEb4qnIvQcYXq6gzkyTnoZ9dZG+D4garKg==

"@esbuild/win32-arm64@0.21.5":
  version "0.21.5"
  resolved "https://registry.yarnpkg.com/@esbuild/win32-arm64/-/win32-arm64-0.21.5.tgz#675b7385398411240735016144ab2e99a60fc75d"
  integrity sha512-Z0gOTd75VvXqyq7nsl93zwahcTROgqvuAcYDUr+vOv8uHhNSKROyU961kgtCD1e95IqPKSQKH7tBTslnS3tA8A==

"@esbuild/win32-ia32@0.21.5":
  version "0.21.5"
  resolved "https://registry.yarnpkg.com/@esbuild/win32-ia32/-/win32-ia32-0.21.5.tgz#1bfc3ce98aa6ca9a0969e4d2af72144c59c1193b"
  integrity sha512-SWXFF1CL2RVNMaVs+BBClwtfZSvDgtL//G/smwAc5oVK/UPu2Gu9tIaRgFmYFFKrmg3SyAjSrElf0TiJ1v8fYA==

"@esbuild/win32-x64@0.21.5":
  version "0.21.5"
  resolved "https://registry.yarnpkg.com/@esbuild/win32-x64/-/win32-x64-0.21.5.tgz#acad351d582d157bb145535db2a6ff53dd514b5c"
  integrity sha512-tQd/1efJuzPC6rCFwEvLtci/xNFcTZknmXs98FYDfGE4wP9ClFV98nyKrzJKVPMhdDnjzLhdUyMX4PsQAPjwIw==

"@rollup/rollup-android-arm-eabi@4.22.0":
  version "4.22.0"
  resolved "https://registry.yarnpkg.com/@rollup/rollup-android-arm-eabi/-/rollup-android-arm-eabi-4.22.0.tgz#e8c16c336f060b4cb592f62eb4f0e543d79d51fe"
  integrity sha512-/IZQvg6ZR0tAkEi4tdXOraQoWeJy9gbQ/cx4I7k9dJaCk9qrXEcdouxRVz5kZXt5C2bQ9pILoAA+KB4C/d3pfw==

"@rollup/rollup-android-arm64@4.22.0":
  version "4.22.0"
  resolved "https://registry.yarnpkg.com/@rollup/rollup-android-arm64/-/rollup-android-arm64-4.22.0.tgz#7a44160a14017fa744912d7037c7d81d6f8a46e7"
  integrity sha512-ETHi4bxrYnvOtXeM7d4V4kZWixib2jddFacJjsOjwbgYSRsyXYtZHC4ht134OsslPIcnkqT+TKV4eU8rNBKyyQ==

"@rollup/rollup-darwin-arm64@4.22.0":
  version "4.22.0"
  resolved "https://registry.npmjs.org/@rollup/rollup-darwin-arm64/-/rollup-darwin-arm64-4.22.0.tgz"
  integrity sha512-ZWgARzhSKE+gVUX7QWaECoRQsPwaD8ZR0Oxb3aUpzdErTvlEadfQpORPXkKSdKbFci9v8MJfkTtoEHnnW9Ulng==

"@rollup/rollup-darwin-x64@4.22.0":
  version "4.22.0"
  resolved "https://registry.yarnpkg.com/@rollup/rollup-darwin-x64/-/rollup-darwin-x64-4.22.0.tgz#453f345899cbf544aa0d6f5808d24d2e42f605b7"
  integrity sha512-h0ZAtOfHyio8Az6cwIGS+nHUfRMWBDO5jXB8PQCARVF6Na/G6XS2SFxDl8Oem+S5ZsHQgtsI7RT4JQnI1qrlaw==

"@rollup/rollup-linux-arm-gnueabihf@4.22.0":
  version "4.22.0"
  resolved "https://registry.yarnpkg.com/@rollup/rollup-linux-arm-gnueabihf/-/rollup-linux-arm-gnueabihf-4.22.0.tgz#3a32fa4e80a62a6d733014838b1123fe76b060fe"
  integrity sha512-9pxQJSPwFsVi0ttOmqLY4JJ9pg9t1gKhK0JDbV1yUEETSx55fdyCjt39eBQ54OQCzAF0nVGO6LfEH1KnCPvelA==

"@rollup/rollup-linux-arm-musleabihf@4.22.0":
  version "4.22.0"
  resolved "https://registry.yarnpkg.com/@rollup/rollup-linux-arm-musleabihf/-/rollup-linux-arm-musleabihf-4.22.0.tgz#55d3953c54419e93efe124882a3103c8a2f65641"
  integrity sha512-YJ5Ku5BmNJZb58A4qSEo3JlIG4d3G2lWyBi13ABlXzO41SsdnUKi3HQHe83VpwBVG4jHFTW65jOQb8qyoR+qzg==

"@rollup/rollup-linux-arm64-gnu@4.22.0":
  version "4.22.0"
  resolved "https://registry.yarnpkg.com/@rollup/rollup-linux-arm64-gnu/-/rollup-linux-arm64-gnu-4.22.0.tgz#cd626963b9962baf8e09d792e67b87269a5bcfff"
  integrity sha512-U4G4u7f+QCqHlVg1Nlx+qapZy+QoG+NV6ux+upo/T7arNGwKvKP2kmGM4W5QTbdewWFgudQxi3kDNST9GT1/mg==

"@rollup/rollup-linux-arm64-musl@4.22.0":
  version "4.22.0"
  resolved "https://registry.yarnpkg.com/@rollup/rollup-linux-arm64-musl/-/rollup-linux-arm64-musl-4.22.0.tgz#ad209270c9937a27346fce5b0670cbdfb1e6a0a6"
  integrity sha512-aQpNlKmx3amwkA3a5J6nlXSahE1ijl0L9KuIjVOUhfOh7uw2S4piR3mtpxpRtbnK809SBtyPsM9q15CPTsY7HQ==

"@rollup/rollup-linux-powerpc64le-gnu@4.22.0":
  version "4.22.0"
  resolved "https://registry.yarnpkg.com/@rollup/rollup-linux-powerpc64le-gnu/-/rollup-linux-powerpc64le-gnu-4.22.0.tgz#fdd173929a5bba8b7e8b37314380213d9604088f"
  integrity sha512-9fx6Zj/7vve/Fp4iexUFRKb5+RjLCff6YTRQl4CoDhdMfDoobWmhAxQWV3NfShMzQk1Q/iCnageFyGfqnsmeqQ==

"@rollup/rollup-linux-riscv64-gnu@4.22.0":
  version "4.22.0"
  resolved "https://registry.yarnpkg.com/@rollup/rollup-linux-riscv64-gnu/-/rollup-linux-riscv64-gnu-4.22.0.tgz#90b11314fbf45d04083f658e08dc3b32fd713061"
  integrity sha512-VWQiCcN7zBgZYLjndIEh5tamtnKg5TGxyZPWcN9zBtXBwfcGSZ5cHSdQZfQH/GB4uRxk0D3VYbOEe/chJhPGLQ==

"@rollup/rollup-linux-s390x-gnu@4.22.0":
  version "4.22.0"
  resolved "https://registry.yarnpkg.com/@rollup/rollup-linux-s390x-gnu/-/rollup-linux-s390x-gnu-4.22.0.tgz#46bb2f1135aeec646b720d6032d7c86915f8b2ec"
  integrity sha512-EHmPnPWvyYqncObwqrosb/CpH3GOjE76vWVs0g4hWsDRUVhg61hBmlVg5TPXqF+g+PvIbqkC7i3h8wbn4Gp2Fg==

"@rollup/rollup-linux-x64-gnu@4.22.0":
  version "4.22.0"
  resolved "https://registry.yarnpkg.com/@rollup/rollup-linux-x64-gnu/-/rollup-linux-x64-gnu-4.22.0.tgz#d731a19af5f05eabcba871bda2eeb2fa8c8adb67"
  integrity sha512-tsSWy3YQzmpjDKnQ1Vcpy3p9Z+kMFbSIesCdMNgLizDWFhrLZIoN21JSq01g+MZMDFF+Y1+4zxgrlqPjid5ohg==

"@rollup/rollup-linux-x64-musl@4.22.0":
  version "4.22.0"
  resolved "https://registry.yarnpkg.com/@rollup/rollup-linux-x64-musl/-/rollup-linux-x64-musl-4.22.0.tgz#5438b2dc38fe467444cf769146098be083022d0f"
  integrity sha512-anr1Y11uPOQrpuU8XOikY5lH4Qu94oS6j0xrulHk3NkLDq19MlX8Ng/pVipjxBJ9a2l3+F39REZYyWQFkZ4/fw==

"@rollup/rollup-win32-arm64-msvc@4.22.0":
  version "4.22.0"
  resolved "https://registry.yarnpkg.com/@rollup/rollup-win32-arm64-msvc/-/rollup-win32-arm64-msvc-4.22.0.tgz#6bd66c198f80c8e7050cfd901701cfb9555d768a"
  integrity sha512-7LB+Bh+Ut7cfmO0m244/asvtIGQr5pG5Rvjz/l1Rnz1kDzM02pSX9jPaS0p+90H5I1x4d1FkCew+B7MOnoatNw==

"@rollup/rollup-win32-ia32-msvc@4.22.0":
  version "4.22.0"
  resolved "https://registry.yarnpkg.com/@rollup/rollup-win32-ia32-msvc/-/rollup-win32-ia32-msvc-4.22.0.tgz#58daea1f1e65143c44c8f3311f30ff8eefa62bae"
  integrity sha512-+3qZ4rer7t/QsC5JwMpcvCVPRcJt1cJrYS/TMJZzXIJbxWFQEVhrIc26IhB+5Z9fT9umfVc+Es2mOZgl+7jdJQ==

"@rollup/rollup-win32-x64-msvc@4.22.0":
  version "4.22.0"
  resolved "https://registry.yarnpkg.com/@rollup/rollup-win32-x64-msvc/-/rollup-win32-x64-msvc-4.22.0.tgz#956948629f6b87de0bdf526b28d940221540bbb6"
  integrity sha512-YdicNOSJONVx/vuPkgPTyRoAPx3GbknBZRCOUkK84FJ/YTfs/F0vl/YsMscrB6Y177d+yDRcj+JWMPMCgshwrA==

"@socket.io/component-emitter@~3.1.0":
  version "3.1.2"
  resolved "https://registry.npmjs.org/@socket.io/component-emitter/-/component-emitter-3.1.2.tgz"
  integrity sha512-9BCxFwvbGg/RsZK9tjXd8s4UcwR0MWeFQ1XEKIQVVvAGJyINdrqKMcTRyLoK8Rse1GjzLV9cwjWV1olXRWEXVA==

"@types/estree@1.0.5":
  version "1.0.5"
  resolved "https://registry.npmjs.org/@types/estree/-/estree-1.0.5.tgz"
  integrity sha512-/kYRxGDLWzHOB7q+wtSUQlFrtcdUccpfy+X+9iMBpHK8QLLhx2wIPYuS5DYtR9Wa/YlZAbIovy7qVdB1Aq6Lyw==

"@types/lodash@^4.17.7":
  version "4.17.7"
  resolved "https://registry.npmjs.org/@types/lodash/-/lodash-4.17.7.tgz"
  integrity sha512-8wTvZawATi/lsmNu10/j2hk1KEP0IvjubqPE3cu1Xz7xfXXt5oCq3SNUz4fMIP4XGF9Ky+Ue2tBA3hcS7LSBlA==

"@types/matter-js@^0.19.7":
  version "0.19.7"
  resolved "https://registry.npmjs.org/@types/matter-js/-/matter-js-0.19.7.tgz"
  integrity sha512-dlh50YEh1lQS4fiCDGBnK75ocHQIq/1E371Qk6hASJImICIivdZQC2GkOqnfBm0Hac2xLk5+yrqRFDAEfj/yLA==

"@types/node@^22.5.5":
  version "22.5.5"
  resolved "https://registry.yarnpkg.com/@types/node/-/node-22.5.5.tgz#52f939dd0f65fc552a4ad0b392f3c466cc5d7a44"
  integrity sha512-Xjs4y5UPO/CLdzpgR6GirZJx36yScjh73+2NlLlkFRSoQN8B0DpfXPdZGnvVmLRLOsqDpOfTNv7D9trgGhmOIA==
  dependencies:
    undici-types "~6.19.2"

buffer-builder@^0.2.0:
  version "0.2.0"
  resolved "https://registry.npmjs.org/buffer-builder/-/buffer-builder-0.2.0.tgz"
  integrity sha512-7VPMEPuYznPSoR21NE1zvd2Xna6c/CloiZCfcMXR1Jny6PjX0N4Nsa38zcBFo/FMK+BlA+FLKbJCQ0i2yxp+Xg==

color-convert@^2.0.1:
  version "2.0.1"
  resolved "https://registry.npmjs.org/color-convert/-/color-convert-2.0.1.tgz"
  integrity sha512-RRECPsj7iu/xb5oKYcsFHSppFNnsj/52OVTRKb4zP5onXwVF3zVmmToNcOfGC+CRDpfK/U584fMg38ZHCaElKQ==
  dependencies:
    color-name "~1.1.4"

color-name@^1.0.0, color-name@~1.1.4:
  version "1.1.4"
  resolved "https://registry.npmjs.org/color-name/-/color-name-1.1.4.tgz"
  integrity sha512-dOy+3AuW3a2wNbZHIuMZpTcgjGuLU/uBL/ubcZF9OXbDo8ff4O8yVp5Bf0efS8uEoYo5q4Fx7dY9OgQGXgAsQA==

color-string@^1.9.0:
  version "1.9.1"
  resolved "https://registry.npmjs.org/color-string/-/color-string-1.9.1.tgz"
  integrity sha512-shrVawQFojnZv6xM40anx4CkoDP+fZsw/ZerEMsW/pyzsRbElpsL/DBVW7q3ExxwusdNXI3lXpuhEZkzs8p5Eg==
  dependencies:
    color-name "^1.0.0"
    simple-swizzle "^0.2.2"

color@^4.2.3:
  version "4.2.3"
  resolved "https://registry.npmjs.org/color/-/color-4.2.3.tgz"
  integrity sha512-1rXeuUUiGGrykh+CeBdu5Ie7OJwinCgQY0bc7GCRxy5xVHy+moaqkpL/jqQq0MtQOeYcrqEz4abc5f0KtU7W4A==
  dependencies:
    color-convert "^2.0.1"
    color-string "^1.9.0"

colorjs.io@^0.5.0:
  version "0.5.2"
  resolved "https://registry.npmjs.org/colorjs.io/-/colorjs.io-0.5.2.tgz"
  integrity sha512-twmVoizEW7ylZSN32OgKdXRmo1qg+wT5/6C3xu5b9QsWzSFAhHLn2xd8ro0diCsKfCj1RdaTP/nrcW+vAoQPIw==

debug@~4.3.1, debug@~4.3.2:
  version "4.3.7"
  resolved "https://registry.npmjs.org/debug/-/debug-4.3.7.tgz"
  integrity sha512-Er2nc/H7RrMXZBFCEim6TCmMk02Z8vLC2Rbi1KEBggpo0fS6l0S1nnapwmIi3yW/+GOJap1Krg4w0Hg80oCqgQ==
  dependencies:
    ms "^2.1.3"

engine.io-client@~6.5.2:
  version "6.5.4"
  resolved "https://registry.npmjs.org/engine.io-client/-/engine.io-client-6.5.4.tgz"
  integrity sha512-GeZeeRjpD2qf49cZQ0Wvh/8NJNfeXkXXcoGh+F77oEAgo9gUHwT1fCRxSNU+YEEaysOJTnsFHmM5oAcPy4ntvQ==
  dependencies:
    "@socket.io/component-emitter" "~3.1.0"
    debug "~4.3.1"
    engine.io-parser "~5.2.1"
    ws "~8.17.1"
    xmlhttprequest-ssl "~2.0.0"

engine.io-parser@~5.2.1:
  version "5.2.3"
  resolved "https://registry.npmjs.org/engine.io-parser/-/engine.io-parser-5.2.3.tgz"
  integrity sha512-HqD3yTBfnBxIrbnM1DoD6Pcq8NECnh8d4As1Qgh0z5Gg3jRRIqijury0CL3ghu/edArpUYiYqQiDUQBIs4np3Q==

esbuild@^0.21.3:
  version "0.21.5"
  resolved "https://registry.npmjs.org/esbuild/-/esbuild-0.21.5.tgz"
  integrity sha512-mg3OPMV4hXywwpoDxu3Qda5xCKQi+vCTZq8S9J/EpkhB2HzKXq4SNFZE3+NK93JYxc8VMSep+lOUSC/RVKaBqw==
  optionalDependencies:
    "@esbuild/aix-ppc64" "0.21.5"
    "@esbuild/android-arm" "0.21.5"
    "@esbuild/android-arm64" "0.21.5"
    "@esbuild/android-x64" "0.21.5"
    "@esbuild/darwin-arm64" "0.21.5"
    "@esbuild/darwin-x64" "0.21.5"
    "@esbuild/freebsd-arm64" "0.21.5"
    "@esbuild/freebsd-x64" "0.21.5"
    "@esbuild/linux-arm" "0.21.5"
    "@esbuild/linux-arm64" "0.21.5"
    "@esbuild/linux-ia32" "0.21.5"
    "@esbuild/linux-loong64" "0.21.5"
    "@esbuild/linux-mips64el" "0.21.5"
    "@esbuild/linux-ppc64" "0.21.5"
    "@esbuild/linux-riscv64" "0.21.5"
    "@esbuild/linux-s390x" "0.21.5"
    "@esbuild/linux-x64" "0.21.5"
    "@esbuild/netbsd-x64" "0.21.5"
    "@esbuild/openbsd-x64" "0.21.5"
    "@esbuild/sunos-x64" "0.21.5"
    "@esbuild/win32-arm64" "0.21.5"
    "@esbuild/win32-ia32" "0.21.5"
    "@esbuild/win32-x64" "0.21.5"

fsevents@~2.3.2, fsevents@~2.3.3:
  version "2.3.3"
  resolved "https://registry.npmjs.org/fsevents/-/fsevents-2.3.3.tgz"
  integrity sha512-5xoDfX+fL7faATnagmWPpbFtwh/R77WmMMqqHGS65C3vvB0YHrgF+B1YmZ3441tMj5n63k0212XNoJwzlhffQw==

gsap@^3.12.5:
  version "3.12.5"
  resolved "https://registry.npmjs.org/gsap/-/gsap-3.12.5.tgz"
  integrity sha512-srBfnk4n+Oe/ZnMIOXt3gT605BX9x5+rh/prT2F1SsNJsU1XuMiP0E2aptW481OnonOGACZWBqseH5Z7csHxhQ==

has-flag@^4.0.0:
  version "4.0.0"
  resolved "https://registry.npmjs.org/has-flag/-/has-flag-4.0.0.tgz"
  integrity sha512-EykJT/Q1KjTWctppgIAgfSO0tKVuZUjhgMr17kqTumMl6Afv3EISleU7qZUzoXDFTAHTDC4NOoG/ZxU3EvlMPQ==

immutable@^4.0.0:
  version "4.3.7"
  resolved "https://registry.npmjs.org/immutable/-/immutable-4.3.7.tgz"
  integrity sha512-1hqclzwYwjRDFLjcFxOM5AYkkG0rpFPpr1RLPMEuGczoS7YA8gLhy8SWXYRAA/XwfEHpfo3cw5JGioS32fnMRw==

is-arrayish@^0.3.1:
  version "0.3.2"
  resolved "https://registry.npmjs.org/is-arrayish/-/is-arrayish-0.3.2.tgz"
  integrity sha512-eVRqCvVlZbuw3GrM63ovNSNAeA1K16kaR/LRY/92w0zxQ5/1YzwblUX652i4Xs9RwAGjW9d9y6X88t8OaAJfWQ==

lodash@^4.17.21:
  version "4.17.21"
  resolved "https://registry.npmjs.org/lodash/-/lodash-4.17.21.tgz"
  integrity sha512-v2kDEe57lecTulaDIuNTPy3Ry4gLGJ6Z1O3vE1krgXZNrsQ+LFTGHVxVjcXPs17LhbZVGedAJv8XZ1tvj5FvSg==

matter-js@^0.20.0:
  version "0.20.0"
  resolved "https://registry.npmjs.org/matter-js/-/matter-js-0.20.0.tgz"
  integrity sha512-iC9fYR7zVT3HppNnsFsp9XOoQdQN2tUyfaKg4CHLH8bN+j6GT4Gw7IH2rP0tflAebrHFw730RR3DkVSZRX8hwA==

ms@^2.1.3:
  version "2.1.3"
  resolved "https://registry.npmjs.org/ms/-/ms-2.1.3.tgz"
  integrity sha512-6FlzubTLZG3J2a/NVCAleEhjzq5oxgHyaCU9yYXvcLsvoVaHJq/s5xXI6/XXP6tz7R9xAOtHnSO/tXtF3WRTlA==

nanoid@^3.3.7:
  version "3.3.7"
  resolved "https://registry.npmjs.org/nanoid/-/nanoid-3.3.7.tgz"
  integrity sha512-eSRppjcPIatRIMC1U6UngP8XFcz8MQWGQdt1MTBQ7NaAmvXDfvNxbvWV3x2y6CdEUciCSsDHDQZbhYaB8QEo2g==

object-hash@^3.0.0:
  version "3.0.0"
  resolved "https://registry.yarnpkg.com/object-hash/-/object-hash-3.0.0.tgz#73f97f753e7baffc0e2cc9d6e079079744ac82e9"
  integrity sha512-RSn9F68PjH9HqtltsSnqYC1XXoWe9Bju5+213R98cNGttag9q9yAOTzdbsqvIa7aNm5WffBZFpWYr2aWrklWAw==

paper@^0.12.18:
  version "0.12.18"
  resolved "https://registry.npmjs.org/paper/-/paper-0.12.18.tgz"
  integrity sha512-ZSLIEejQTJZuYHhSSqAf4jXOnii0kPhCJGAnYAANtdS72aNwXJ9cP95tZHgq1tnNpvEwgQhggy+4OarviqTCGw==

picocolors@^1.1.0:
  version "1.1.0"
  resolved "https://registry.npmjs.org/picocolors/-/picocolors-1.1.0.tgz"
  integrity sha512-TQ92mBOW0l3LeMeyLV6mzy/kWr8lkd/hp3mTg7wYK7zJhuBStmGMBG0BdeDZS/dZx1IukaX6Bk11zcln25o1Aw==

postcss@^8.4.43:
  version "8.4.47"
  resolved "https://registry.npmjs.org/postcss/-/postcss-8.4.47.tgz"
  integrity sha512-56rxCq7G/XfB4EkXq9Egn5GCqugWvDFjafDOThIdMBsI15iqPqR5r15TfSr1YPYeEI19YeaXMCbY6u88Y76GLQ==
  dependencies:
    nanoid "^3.3.7"
    picocolors "^1.1.0"
    source-map-js "^1.2.1"

rollup@^4.20.0:
  version "4.22.0"
  resolved "https://registry.npmjs.org/rollup/-/rollup-4.22.0.tgz"
  integrity sha512-W21MUIFPZ4+O2Je/EU+GP3iz7PH4pVPUXSbEZdatQnxo29+3rsUjgrJmzuAZU24z7yRAnFN6ukxeAhZh/c7hzg==
  dependencies:
    "@types/estree" "1.0.5"
  optionalDependencies:
    "@rollup/rollup-android-arm-eabi" "4.22.0"
    "@rollup/rollup-android-arm64" "4.22.0"
    "@rollup/rollup-darwin-arm64" "4.22.0"
    "@rollup/rollup-darwin-x64" "4.22.0"
    "@rollup/rollup-linux-arm-gnueabihf" "4.22.0"
    "@rollup/rollup-linux-arm-musleabihf" "4.22.0"
    "@rollup/rollup-linux-arm64-gnu" "4.22.0"
    "@rollup/rollup-linux-arm64-musl" "4.22.0"
    "@rollup/rollup-linux-powerpc64le-gnu" "4.22.0"
    "@rollup/rollup-linux-riscv64-gnu" "4.22.0"
    "@rollup/rollup-linux-s390x-gnu" "4.22.0"
    "@rollup/rollup-linux-x64-gnu" "4.22.0"
    "@rollup/rollup-linux-x64-musl" "4.22.0"
    "@rollup/rollup-win32-arm64-msvc" "4.22.0"
    "@rollup/rollup-win32-ia32-msvc" "4.22.0"
    "@rollup/rollup-win32-x64-msvc" "4.22.0"
    fsevents "~2.3.2"

rxjs@^7.4.0:
  version "7.8.1"
  resolved "https://registry.npmjs.org/rxjs/-/rxjs-7.8.1.tgz"
  integrity sha512-AA3TVj+0A2iuIoQkWEK/tqFjBq2j+6PO6Y0zJcvzLAFhEFIO3HL0vls9hWLncZbAAbK0mar7oZ4V079I/qPMxg==
  dependencies:
    tslib "^2.1.0"

sass-embedded-android-arm64@1.79.1:
  version "1.79.1"
  resolved "https://registry.yarnpkg.com/sass-embedded-android-arm64/-/sass-embedded-android-arm64-1.79.1.tgz#44638b2b002f27cdc8cf90ff30ad698311d40e70"
  integrity sha512-q+Q1GdLCTVazpfX/vKJGRQJTjZwSkcViUThzSOtCDwNK6vMbJB3x6CHmHmKWYnjceA2y73QRgs9kR+NDLZoPLQ==

sass-embedded-android-arm@1.79.1:
  version "1.79.1"
  resolved "https://registry.yarnpkg.com/sass-embedded-android-arm/-/sass-embedded-android-arm-1.79.1.tgz#37418863ce1afe819ef602cb9f6e966424ae1bd8"
  integrity sha512-p6TaAOFUDx3DjK3i8Y3c4rNXnSJZcivYL+CojMefHZgJNm7PS0mrpzr4a0kkD25saZO208r+Fa258ax1+GzEvA==

sass-embedded-android-ia32@1.79.1:
  version "1.79.1"
  resolved "https://registry.yarnpkg.com/sass-embedded-android-ia32/-/sass-embedded-android-ia32-1.79.1.tgz#d629048e2a7d195fed27a82c4bdc4c51611bcdd6"
  integrity sha512-bp4x5gjv1Wq5cAur8iKYZShfG27XUS/nrhqJU0PN2EGqu+YTklYR4ouoR4yZDFXjNA7RKmqqzJE+8Jks5cVnGA==

sass-embedded-android-riscv64@1.79.1:
  version "1.79.1"
  resolved "https://registry.yarnpkg.com/sass-embedded-android-riscv64/-/sass-embedded-android-riscv64-1.79.1.tgz#2d4bcd9096d014e8e7bbda613aa60a88ba82871e"
  integrity sha512-1BJT4XtWvQeCjFUzNg1+Xa8RtIP8p2odBF5ly4i7ON6pHHYknjbpHTXIXFkz5sgLReFue9q/bsKIgvSPHMgkIg==

sass-embedded-android-x64@1.79.1:
  version "1.79.1"
  resolved "https://registry.yarnpkg.com/sass-embedded-android-x64/-/sass-embedded-android-x64-1.79.1.tgz#6a913f1f565f55c20a6536b136f92531c058ca49"
  integrity sha512-eqqDI9hOLNpbdEtBG7uJoAnim5xvscjlUTqHsqGlkddTdnXjwgcUDeqmc3z4iFr1wq7bZpb+xz6FM3MJxeLa7g==

sass-embedded-darwin-arm64@1.79.1:
  version "1.79.1"
  resolved "https://registry.npmjs.org/sass-embedded-darwin-arm64/-/sass-embedded-darwin-arm64-1.79.1.tgz"
  integrity sha512-6co9oRwPmyvEC9I5SyW+NHOQKLmVfQZVbYWvFQl3EPLsUCTQ88dVteQwPdpm+3MY0GNjLjjVppeyAsmWHjUmjQ==

sass-embedded-darwin-x64@1.79.1:
  version "1.79.1"
  resolved "https://registry.yarnpkg.com/sass-embedded-darwin-x64/-/sass-embedded-darwin-x64-1.79.1.tgz#48f2c90b4234a3a7db055103cfd627449a2b34d9"
  integrity sha512-9rFlxTj5gxtxA1EBkO3dJ1W70Zebpw28wHUs/wByrT1FqR6+uPnyLOWwt5WJLc4AoS1LLQz/ZeknxL/mKI+GrA==

sass-embedded-linux-arm64@1.79.1:
  version "1.79.1"
  resolved "https://registry.yarnpkg.com/sass-embedded-linux-arm64/-/sass-embedded-linux-arm64-1.79.1.tgz#13b593e6de87814dfcbad92d0ba24059734fbfc2"
  integrity sha512-7LyLZ9XJU/9CAzCrWWFhqGEK620tYoNxMIpqX1yfNUiDGoolXfs1WDpxEiXqQaw4DmcPeAkqqAs8tg7qekDXBg==

sass-embedded-linux-arm@1.79.1:
  version "1.79.1"
  resolved "https://registry.yarnpkg.com/sass-embedded-linux-arm/-/sass-embedded-linux-arm-1.79.1.tgz#1641dfeb8c865eb43dc4f1b07cb38a9ce143836b"
  integrity sha512-Qdc94coLXxQ4NNS9DT+V9RtJ7TnttRhaNFR79ZU8RtZ1jHTWLnnC1rEDm1Br3btOy7op3eplFpJahfNZPRFKug==

sass-embedded-linux-ia32@1.79.1:
  version "1.79.1"
  resolved "https://registry.yarnpkg.com/sass-embedded-linux-ia32/-/sass-embedded-linux-ia32-1.79.1.tgz#cfd265e3c27bd64d022c1ade4a6e02af64dc7b58"
  integrity sha512-9ZsVRSZJvUT6gNL1wS54cRdNqGfpi32zGh4q/Q62AKbAqmNb+BvuQT4TsBLuIEMDaR75Z1xvj1iArguD/LX00A==

sass-embedded-linux-musl-arm64@1.79.1:
  version "1.79.1"
  resolved "https://registry.yarnpkg.com/sass-embedded-linux-musl-arm64/-/sass-embedded-linux-musl-arm64-1.79.1.tgz#694f1e9ac7e1e3ae4f5dd67fec4231e71d836a35"
  integrity sha512-4iNhJgeyyZrsBA/RwSiTRaxPSsHpvjr8I+oN6E0OpEzyY62QIxhQGGf1A73fOs6tJLw58ba14tAm/bblGefLFQ==

sass-embedded-linux-musl-arm@1.79.1:
  version "1.79.1"
  resolved "https://registry.yarnpkg.com/sass-embedded-linux-musl-arm/-/sass-embedded-linux-musl-arm-1.79.1.tgz#aa5e5f351c94e5a4d433db61201711bc5baf3bf0"
  integrity sha512-4MBu1aFvGE45CYii6dbdce3nPNc8CKcQ0spf7r6DeEn19NWJ0dNkYMTIa8Xy+TwZ1uS92g8E+M/aXmwQlRXQCA==

sass-embedded-linux-musl-ia32@1.79.1:
  version "1.79.1"
  resolved "https://registry.yarnpkg.com/sass-embedded-linux-musl-ia32/-/sass-embedded-linux-musl-ia32-1.79.1.tgz#cc9b99a808bd5f8edd62338bb1768fee4fc688de"
  integrity sha512-5CF4mrbrnrtpKcoxuJnF6SryOqjyCdXyPJ6U6PjOUYEA1T1Cd/sE0cB+wswTQRgPVrYQO1d9c0eSEY1gZijp0g==

sass-embedded-linux-musl-riscv64@1.79.1:
  version "1.79.1"
  resolved "https://registry.yarnpkg.com/sass-embedded-linux-musl-riscv64/-/sass-embedded-linux-musl-riscv64-1.79.1.tgz#6bb34eefc6e8963b6fe85f5d41ff77ae80a80697"
  integrity sha512-ZOVpi6c0vfD0vBBtmQqwd4+gGbrnsKnuyrh2ghoNbwg4oMHo85S0rCUR/3Uny6oFDKnTTJkWjamig3gy6ygzYQ==

sass-embedded-linux-musl-x64@1.79.1:
  version "1.79.1"
  resolved "https://registry.yarnpkg.com/sass-embedded-linux-musl-x64/-/sass-embedded-linux-musl-x64-1.79.1.tgz#5b5f1969b0eb29facf6fac51eebf2eac7fbd71ac"
  integrity sha512-0lcQZ7hZ6/gBoJ/Od7BX33Q3jr9oGaQxJfYZ0wmCK4qSu3S06UoBTELy9Njv51h+JaWJFUwzROay8bGWrEVuLQ==

sass-embedded-linux-riscv64@1.79.1:
  version "1.79.1"
  resolved "https://registry.yarnpkg.com/sass-embedded-linux-riscv64/-/sass-embedded-linux-riscv64-1.79.1.tgz#3dbb0e3992298a55cbf1a969f2723f1e3ba44bde"
  integrity sha512-KQED61FrdYvW0YEMncBsak/PshpGkdPpzLLGXjdUqKqe6Tiv8/zqrlD8GC8CIvSBRxZs7ybyFMPi1KyjnvtUdQ==

sass-embedded-linux-x64@1.79.1:
  version "1.79.1"
  resolved "https://registry.yarnpkg.com/sass-embedded-linux-x64/-/sass-embedded-linux-x64-1.79.1.tgz#46cb365c7fd51a2aab9b7e52fc206e9fe347aa14"
  integrity sha512-s4QSuvdNrQq00XB2t3Dt+B05rc5cvONnveHijaXtqS+yb98tvNvDiozVfS20k4k1eklhoBC8FBm165RAXDGEuA==

sass-embedded-win32-arm64@1.79.1:
  version "1.79.1"
  resolved "https://registry.yarnpkg.com/sass-embedded-win32-arm64/-/sass-embedded-win32-arm64-1.79.1.tgz#7bf23559d941609145c4858bc43de6b87e608e6e"
  integrity sha512-S7gzwMAvevFEJGZaWNltfJtvi8LCceWNs94b8uHQhmq8F/YFRy/iNPVAVB3SvnvBrIk8Iy2X6AXWoneLHFsNfg==

sass-embedded-win32-ia32@1.79.1:
  version "1.79.1"
  resolved "https://registry.yarnpkg.com/sass-embedded-win32-ia32/-/sass-embedded-win32-ia32-1.79.1.tgz#dd2c41820153cd74fe3aff6a8669cddf7cc57d80"
  integrity sha512-UjxQ6KtO3UthJMvjlVaE3QiO76wRXLcM/gejSp2cgYUVRHYXFr88z0XjQiZc9mJEuvHi69BvvmpCjN4iptKO5A==

sass-embedded-win32-x64@1.79.1:
  version "1.79.1"
  resolved "https://registry.yarnpkg.com/sass-embedded-win32-x64/-/sass-embedded-win32-x64-1.79.1.tgz#0808c4f5de7c6031213b784eab267b68ae6e70fe"
  integrity sha512-hN9fO2Z5c5YhvF/p31PM4861y6wglwc11/K5vTaGwDKkhfVrKoT2iMGC9r0GshsP9D/LV8s+StoFe3NLYYp8Qg==

sass-embedded@^1.79.1:
  version "1.79.1"
  resolved "https://registry.npmjs.org/sass-embedded/-/sass-embedded-1.79.1.tgz"
  integrity sha512-UIgG9sHZZ1fT28bxOGi6RUTyvuNvnNQ5nUCdeDGOiS+pGhxLNMdoSFd1cwF8cF5+JUfS6PK8TVAc+aNX4Q3ZGQ==
  dependencies:
    "@bufbuild/protobuf" "^2.0.0"
    buffer-builder "^0.2.0"
    colorjs.io "^0.5.0"
    immutable "^4.0.0"
    rxjs "^7.4.0"
    supports-color "^8.1.1"
    varint "^6.0.0"
  optionalDependencies:
    sass-embedded-android-arm "1.79.1"
    sass-embedded-android-arm64 "1.79.1"
    sass-embedded-android-ia32 "1.79.1"
    sass-embedded-android-riscv64 "1.79.1"
    sass-embedded-android-x64 "1.79.1"
    sass-embedded-darwin-arm64 "1.79.1"
    sass-embedded-darwin-x64 "1.79.1"
    sass-embedded-linux-arm "1.79.1"
    sass-embedded-linux-arm64 "1.79.1"
    sass-embedded-linux-ia32 "1.79.1"
    sass-embedded-linux-musl-arm "1.79.1"
    sass-embedded-linux-musl-arm64 "1.79.1"
    sass-embedded-linux-musl-ia32 "1.79.1"
    sass-embedded-linux-musl-riscv64 "1.79.1"
    sass-embedded-linux-musl-x64 "1.79.1"
    sass-embedded-linux-riscv64 "1.79.1"
    sass-embedded-linux-x64 "1.79.1"
    sass-embedded-win32-arm64 "1.79.1"
    sass-embedded-win32-ia32 "1.79.1"
    sass-embedded-win32-x64 "1.79.1"

simple-swizzle@^0.2.2:
  version "0.2.2"
  resolved "https://registry.npmjs.org/simple-swizzle/-/simple-swizzle-0.2.2.tgz"
  integrity sha512-JA//kQgZtbuY83m+xT+tXJkmJncGMTFT+C+g2h2R9uxkYIrE2yy9sgmcLhCnw57/WSD+Eh3J97FPEDFnbXnDUg==
  dependencies:
    is-arrayish "^0.3.1"

socket.io-client@^4.7.5:
  version "4.7.5"
  resolved "https://registry.npmjs.org/socket.io-client/-/socket.io-client-4.7.5.tgz"
  integrity sha512-sJ/tqHOCe7Z50JCBCXrsY3I2k03iOiUe+tj1OmKeD2lXPiGH/RUCdTZFoqVyN7l1MnpIzPrGtLcijffmeouNlQ==
  dependencies:
    "@socket.io/component-emitter" "~3.1.0"
    debug "~4.3.2"
    engine.io-client "~6.5.2"
    socket.io-parser "~4.2.4"

socket.io-parser@~4.2.4:
  version "4.2.4"
  resolved "https://registry.npmjs.org/socket.io-parser/-/socket.io-parser-4.2.4.tgz"
  integrity sha512-/GbIKmo8ioc+NIWIhwdecY0ge+qVBSMdgxGygevmdHj24bsfgtCmcUUcQ5ZzcylGFHsN3k4HB4Cgkl96KVnuew==
  dependencies:
    "@socket.io/component-emitter" "~3.1.0"
    debug "~4.3.1"

source-map-js@^1.2.1:
  version "1.2.1"
  resolved "https://registry.npmjs.org/source-map-js/-/source-map-js-1.2.1.tgz"
  integrity sha512-UXWMKhLOwVKb728IUtQPXxfYU+usdybtUrK/8uGE8CQMvrhOpwvzDBwj0QhSL7MQc7vIsISBG8VQ8+IDQxpfQA==

supports-color@^8.1.1:
  version "8.1.1"
  resolved "https://registry.npmjs.org/supports-color/-/supports-color-8.1.1.tgz"
  integrity sha512-MpUEN2OodtUzxvKQl72cUF7RQ5EiHsGvSsVG0ia9c5RbWGL2CI4C7EpPS8UTBIplnlzZiNuV56w+FuNxy3ty2Q==
  dependencies:
    has-flag "^4.0.0"

tslib@^2.1.0:
  version "2.7.0"
  resolved "https://registry.npmjs.org/tslib/-/tslib-2.7.0.tgz"
  integrity sha512-gLXCKdN1/j47AiHiOkJN69hJmcbGTHI0ImLmbYLHykhgeN0jVGola9yVjFgzCUklsZQMW55o+dW7IXv3RCXDzA==

typescript@^5.5.3:
  version "5.6.2"
  resolved "https://registry.npmjs.org/typescript/-/typescript-5.6.2.tgz"
  integrity sha512-NW8ByodCSNCwZeghjN3o+JX5OFH0Ojg6sadjEKY4huZ52TqbJTJnDo5+Tw98lSy63NZvi4n+ez5m2u5d4PkZyw==

undici-types@~6.19.2:
  version "6.19.8"
  resolved "https://registry.yarnpkg.com/undici-types/-/undici-types-6.19.8.tgz#35111c9d1437ab83a7cdc0abae2f26d88eda0a02"
  integrity sha512-ve2KP6f/JnbPBFyobGHuerC9g1FYGn/F8n1LWTwNxCEzd6IfqTwUQcNXgEtmmQ6DlRrC1hrSrBnCZPokRrDHjw==

varint@^6.0.0:
  version "6.0.0"
  resolved "https://registry.npmjs.org/varint/-/varint-6.0.0.tgz"
  integrity sha512-cXEIW6cfr15lFv563k4GuVuW/fiwjknytD37jIOLSdSWuOI6WnO/oKwmP2FQTU2l01LP8/M5TSAJpzUaGe3uWg==

vite@^5.4.1:
  version "5.4.6"
  resolved "https://registry.npmjs.org/vite/-/vite-5.4.6.tgz"
  integrity sha512-IeL5f8OO5nylsgzd9tq4qD2QqI0k2CQLGrWD0rCN0EQJZpBK5vJAx0I+GDkMOXxQX/OfFHMuLIx6ddAxGX/k+Q==
  dependencies:
    esbuild "^0.21.3"
    postcss "^8.4.43"
    rollup "^4.20.0"
  optionalDependencies:
    fsevents "~2.3.3"

ws@~8.17.1:
  version "8.17.1"
  resolved "https://registry.npmjs.org/ws/-/ws-8.17.1.tgz"
  integrity sha512-6XQFvXTkbfUOZOKKILFG1PDK2NDQs4azKQl26T0YS5CxqWLgXajbPZ+h4gZekJyRqFU8pvnbAbbs/3TgRPy+GQ==

xmlhttprequest-ssl@~2.0.0:
  version "2.0.0"
  resolved "https://registry.npmjs.org/xmlhttprequest-ssl/-/xmlhttprequest-ssl-2.0.0.tgz"
  integrity sha512-QKxVRxiRACQcVuQEYFsI1hhkrMlrXHPegbbd1yn9UHOmRxY+si12nQYzri3vbzt8VdTTRviqcKxcyllFas5z2A==
